
"resolved": "https://registry.npmjs.org/ws/-/ws-7.5.9.tgz",
"integrity": "sha512-F+P9Jil7UiSKSkppIiD94dN07AwvFixvLIj1Og1Rl9GGMuNipJnV9JzjD6XuqmAeiswGvUmNLjr5cFuXwNS77Q==",
"dev": true,
"engines": {
  "node": ">=8.3.0"
},
"peerDependencies": {
  "bufferutil": "^4.0.1",
  "utf-8-validate": "^5.0.2"
},
"peerDependenciesMeta": {
  "bufferutil": {
    "optional": true
  },
  "utf-8-validate": {
    "optional": true
  }
}
},
"node_modules/y18n": {
"version": "5.0.8",
"resolved": "https://registry.npmjs.org/y18n/-/y18n-5.0.8.tgz",
"integrity": "sha512-0pfFzegeDWJHJIAmTLRP2DwHjdF5s7jo9tuztdQxAhINCdvS+3nGINqPd00AphqJR/0LhANUS6/+7SCb98YOfA==",
"dev": true,
"engines": {
  "node": ">=10"
}
},
"node_modules/yallist": {
"version": "3.1.1",
"resolved": "https://registry.npmjs.org/yallist/-/yallist-3.1.1.tgz",
"integrity": "sha512-a4UGQaWPH59mOXUYnAG2ewncQS4i4F43Tv3JoAM+s2VDAmS9NsK8GpDMLrCHPksFT7h3K6TOoUNn2pb7RoXx4g==",
"dev": true
},
"node_modules/yaml": {
"version": "1.10.2",
"resolved": "https://registry.npmjs.org/yaml/-/yaml-1.10.2.tgz",
"integrity": "sha512-r3vXyErRCYJ7wg28yvBY5VSoAF8ZvlcW9/BwUzEtUsjvX/DKs24dIkuwjtuprwJJHsbyUbLApepYTR1BN4uHrg==",
"dev": true,
"engines": {
  "node": ">= 6"
}
},
"node_modules/yargs": {
"version": "16.2.0",
"resolved": "https://registry.npmjs.org/yargs/-/yargs-16.2.0.tgz",
"integrity": "sha512-D1mvvtDG0L5ft/jGWkLpG1+m0eQxOfaBvTNELraWj22wSVUMWxZUvYgJYcKh6jGGIkJFhH4IZPQhR4TKpc8mBw==",
"dev": true,
"dependencies": {
  "cliui": "^7.0.2",
  "escalade": "^3.1.1",
  "get-caller-file": "^2.0.5",
  "require-directory": "^2.1.1",
  "string-width": "^4.2.0",
  "y18n": "^5.0.5",
  "yargs-parser": "^20.2.2"
},
"engines": {
  "node": ">=10"
}
},
"node_modules/yargs-parser": {
"version": "20.2.9",
"resolved": "https://registry.npmjs.org/yargs-parser/-/yargs-parser-20.2.9.tgz",
"integrity": "sha512-y11nGElTIV+CT3Zv9t7VKl+Q3hTQoT9a1Qzezhhl6Rp21gJ/IVTW7Z3y9EWXhuUBC2Shnf+DX0antecpAwSP8w==",
"dev": true,
"engines": {
  "node": ">=10"
}
},
"node_modules/yorkie": {
"version": "2.0.0",
"resolved": "https://registry.npmjs.org/yorkie/-/yorkie-2.0.0.tgz",
"integrity": "sha512-jcKpkthap6x63MB4TxwCyuIGkV0oYP/YRyuQU5UO0Yz/E/ZAu+653/uov+phdmO54n6BcvFRyyt0RRrWdN2mpw==",
"dev": true,
"hasInstallScript": true,
"dependencies": {
  "execa": "^0.8.0",
  "is-ci": "^1.0.10",
  "normalize-path": "^1.0.0",
  "strip-indent": "^2.0.0"
},
"engines": {
  "node": ">=4"
}
},
"node_modules/yorkie/node_modules/cross-spawn": {
"version": "5.1.0",
"resolved": "https://registry.npmjs.org/cross-spawn/-/cross-spawn-5.1.0.tgz",
"integrity": "sha512-pTgQJ5KC0d2hcY8eyL1IzlBPYjTkyH72XRZPnLyKus2mBfNjQs3klqbJU2VILqZryAZUt9JOb3h/mWMy23/f5A==",
"dev": true,
"dependencies": {
  "lru-cache": "^4.0.1",
  "shebang-command": "^1.2.0",
  "which": "^1.2.9"
}
},
"node_modules/yorkie/node_modules/execa": {
"version": "0.8.0",
"resolved": "https://registry.npmjs.org/execa/-/execa-0.8.0.tgz",
"integrity": "sha512-zDWS+Rb1E8BlqqhALSt9kUhss8Qq4nN3iof3gsOdyINksElaPyNBtKUMTR62qhvgVWR0CqCX7sdnKe4MnUbFEA==",
"dev": true,
"dependencies": {
  "cross-spawn": "^5.0.1",
  "get-stream": "^3.0.0",
  "is-stream": "^1.1.0",
  "npm-run-path": "^2.0.0",
  "p-finally": "^1.0.0",
  "signal-exit": "^3.0.0",
  "strip-eof": "^1.0.0"
},
"engines": {
  "node": ">=4"
}
},
"node_modules/yorkie/node_modules/get-stream": {
"version": "3.0.0",
"resolved": "https://registry.npmjs.org/get-stream/-/get-stream-3.0.0.tgz",
"integrity": "sha512-GlhdIUuVakc8SJ6kK0zAFbiGzRFzNnY4jUuEbV9UROo4Y+0Ny4fjvcZFVTeDA4odpFyOQzaw6hXukJSq/f28sQ==",
"dev": true,
"engines": {
  "node": ">=4"
}
},
"node_modules/yorkie/node_modules/lru-cache": {
"version": "4.1.5",
"resolved": "https://registry.npmjs.org/lru-cache/-/lru-cache-4.1.5.tgz",
"integrity": "sha512-sWZlbEP2OsHNkXrMl5GYk/jKk70MBng6UU4YI/qGDYbgf6YbP4EvmqISbXCoJiRKs+1bSpFHVgQxvJ17F2li5g==",
"dev": true,
"dependencies": {
  "pseudomap": "^1.0.2",
  "yallist": "^2.1.2"
}
},
"node_modules/yorkie/node_modules/normalize-path": {
"version": "1.0.0",
"resolved": "https://registry.npmjs.org/normalize-path/-/normalize-path-1.0.0.tgz",
"integrity": "sha512-7WyT0w8jhpDStXRq5836AMmihQwq2nrUVQrgjvUo/p/NZf9uy/MeJ246lBJVmWuYXMlJuG9BNZHF0hWjfTbQUA==",
"dev": true,
"engines": {
  "node": ">=0.10.0"
}
},
"node_modules/yorkie/node_modules/yallist": {
"version": "2.1.2",
"resolved": "https://registry.npmjs.org/yallist/-/yallist-2.1.2.tgz",
"integrity": "sha512-ncTzHV7NvsQZkYe1DW7cbDLm0YpzHmZF5r/iyP3ZnQtMiJ+pjzisCiMNI+Sj+xQF5pXhSHxSB3uDbsBTzY/c2A==",
"dev": true
}
}
}

"resolved": "https://registry.npmjs.org/ws/-/ws-7.5.9.tgz",
"integrity": "sha512-F+P9Jil7UiSKSkppIiD94dN07AwvFixvLIj1Og1Rl9GGMuNipJnV9JzjD6XuqmAeiswGvUmNLjr5cFuXwNS77Q==",
"dev": true,
"engines": {
  "node": ">=8.3.0"
},
"peerDependencies": {
  "bufferutil": "^4.0.1",
  "utf-8-validate": "^5.0.2"
},
"peerDependenciesMeta": {
  "bufferutil": {
    "optional": true
  },
  "utf-8-validate": {
    "optional": true
  }
}
},
"node_modules/y18n": {
"version": "5.0.8",
"resolved": "https://registry.npmjs.org/y18n/-/y18n-5.0.8.tgz",
"integrity": "sha512-0pfFzegeDWJHJIAmTLRP2DwHjdF5s7jo9tuztdQxAhINCdvS+3nGINqPd00AphqJR/0LhANUS6/+7SCb98YOfA==",
"dev": true,
"engines": {
  "node": ">=10"
}
},
"node_modules/yallist": {
"version": "3.1.1",
"resolved": "https://registry.npmjs.org/yallist/-/yallist-3.1.1.tgz",
"integrity": "sha512-a4UGQaWPH59mOXUYnAG2ewncQS4i4F43Tv3JoAM+s2VDAmS9NsK8GpDMLrCHPksFT7h3K6TOoUNn2pb7RoXx4g==",
"dev": true
},
"node_modules/yaml": {
"version": "1.10.2",
"resolved": "https://registry.npmjs.org/yaml/-/yaml-1.10.2.tgz",
"integrity": "sha512-r3vXyErRCYJ7wg28yvBY5VSoAF8ZvlcW9/BwUzEtUsjvX/DKs24dIkuwjtuprwJJHsbyUbLApepYTR1BN4uHrg==",
"dev": true,
"engines": {
  "node": ">= 6"
}
},
"node_modules/yargs": {
"version": "16.2.0",
"resolved": "https://registry.npmjs.org/yargs/-/yargs-16.2.0.tgz",
"integrity": "sha512-D1mvvtDG0L5ft/jGWkLpG1+m0eQxOfaBvTNELraWj22wSVUMWxZUvYgJYcKh6jGGIkJFhH4IZPQhR4TKpc8mBw==",
"dev": true,
"dependencies": {
  "cliui": "^7.0.2",
  "escalade": "^3.1.1",
  "get-caller-file": "^2.0.5",
  "require-directory": "^2.1.1",
  "string-width": "^4.2.0",
  "y18n": "^5.0.5",
  "yargs-parser": "^20.2.2"
},
"engines": {
  "node": ">=10"
}
},
"node_modules/yargs-parser": {
"version": "20.2.9",
"resolved": "https://registry.npmjs.org/yargs-parser/-/yargs-parser-20.2.9.tgz",
"integrity": "sha512-y11nGElTIV+CT3Zv9t7VKl+Q3hTQoT9a1Qzezhhl6Rp21gJ/IVTW7Z3y9EWXhuUBC2Shnf+DX0antecpAwSP8w==",
"dev": true,
"engines": {
  "node": ">=10"
}
},
"node_modules/yorkie": {
"version": "2.0.0",
"resolved": "https://registry.npmjs.org/yorkie/-/yorkie-2.0.0.tgz",
"integrity": "sha512-jcKpkthap6x63MB4TxwCyuIGkV0oYP/YRyuQU5UO0Yz/E/ZAu+653/uov+phdmO54n6BcvFRyyt0RRrWdN2mpw==",
"dev": true,
"hasInstallScript": true,
"dependencies": {
  "execa": "^0.8.0",
  "is-ci": "^1.0.10",
  "normalize-path": "^1.0.0",
  "strip-indent": "^2.0.0"
},
"engines": {
  "node": ">=4"
}
},
"node_modules/yorkie/node_modules/cross-spawn": {
"version": "5.1.0",
"resolved": "https://registry.npmjs.org/cross-spawn/-/cross-spawn-5.1.0.tgz",
"integrity": "sha512-pTgQJ5KC0d2hcY8eyL1IzlBPYjTkyH72XRZPnLyKus2mBfNjQs3klqbJU2VILqZryAZUt9JOb3h/mWMy23/f5A==",
"dev": true,
"dependencies": {
  "lru-cache": "^4.0.1",
  "shebang-command": "^1.2.0",
  "which": "^1.2.9"
}
},
"node_modules/yorkie/node_modules/execa": {
"version": "0.8.0",
"resolved": "https://registry.npmjs.org/execa/-/execa-0.8.0.tgz",
"integrity": "sha512-zDWS+Rb1E8BlqqhALSt9kUhss8Qq4nN3iof3gsOdyINksElaPyNBtKUMTR62qhvgVWR0CqCX7sdnKe4MnUbFEA==",
"dev": true,
"dependencies": {
  "cross-spawn": "^5.0.1",
  "get-stream": "^3.0.0",
  "is-stream": "^1.1.0",
  "npm-run-path": "^2.0.0",
  "p-finally": "^1.0.0",
  "signal-exit": "^3.0.0",
  "strip-eof": "^1.0.0"
},
"engines": {
  "node": ">=4"
}
},
"node_modules/yorkie/node_modules/get-stream": {
"version": "3.0.0",
"resolved": "https://registry.npmjs.org/get-stream/-/get-stream-3.0.0.tgz",
"integrity": "sha512-GlhdIUuVakc8SJ6kK0zAFbiGzRFzNnY4jUuEbV9UROo4Y+0Ny4fjvcZFVTeDA4odpFyOQzaw6hXukJSq/f28sQ==",
"dev": true,
"engines": {
  "node": ">=4"
}
},
"node_modules/yorkie/node_modules/lru-cache": {
"version": "4.1.5",
"resolved": "https://registry.npmjs.org/lru-cache/-/lru-cache-4.1.5.tgz",
"integrity": "sha512-sWZlbEP2OsHNkXrMl5GYk/jKk70MBng6UU4YI/qGDYbgf6YbP4EvmqISbXCoJiRKs+1bSpFHVgQxvJ17F2li5g==",
"dev": true,
"dependencies": {
  "pseudomap": "^1.0.2",
  "yallist": "^2.1.2"
}
},
"node_modules/yorkie/node_modules/normalize-path": {
"version": "1.0.0",
"resolved": "https://registry.npmjs.org/normalize-path/-/normalize-path-1.0.0.tgz",
"integrity": "sha512-7WyT0w8jhpDStXRq5836AMmihQwq2nrUVQrgjvUo/p/NZf9uy/MeJ246lBJVmWuYXMlJuG9BNZHF0hWjfTbQUA==",
"dev": true,
"engines": {
  "node": ">=0.10.0"
}
},
"node_modules/yorkie/node_modules/yallist": {
"version": "2.1.2",
"resolved": "https://registry.npmjs.org/yallist/-/yallist-2.1.2.tgz",
"integrity": "sha512-ncTzHV7NvsQZkYe1DW7cbDLm0YpzHmZF5r/iyP3ZnQtMiJ+pjzisCiMNI+Sj+xQF5pXhSHxSB3uDbsBTzY/c2A==",
"dev": true
}
